// !$*UTF8*$!
{
	archiveVersion = 1;
	classes = {
	};
	objectVersion = 46;
	objects = {

/* Begin PBXBuildFile section */
		2002D10A19AE410C001C8D19 /* Shader.fsh in Resources */ = {isa = PBXBuildFile; fileRef = 2002D10919AE410C001C8D19 /* Shader.fsh */; };
		20070B3619ACEC5000F1B169 /* Shader.vsh in Resources */ = {isa = PBXBuildFile; fileRef = 20070B3519ACEC5000F1B169 /* Shader.vsh */; };
		201ADC0A19C740A700CB2E62 /* SphereShader.vsh in Resources */ = {isa = PBXBuildFile; fileRef = 201ADC0819C740A700CB2E62 /* SphereShader.vsh */; };
		201ADC0E19C740CB00CB2E62 /* SphereShader.fsh in Resources */ = {isa = PBXBuildFile; fileRef = 201ADC0C19C740CB00CB2E62 /* SphereShader.fsh */; };
		201CF87E19AB0510001959F7 /* Foundation.framework in Frameworks */ = {isa = PBXBuildFile; fileRef = 20EAD5E319AA4BD3002B96DA /* Foundation.framework */; };
		201CF87F19AB0510001959F7 /* CoreGraphics.framework in Frameworks */ = {isa = PBXBuildFile; fileRef = 20EAD5E519AA4BD3002B96DA /* CoreGraphics.framework */; };
		201CF88019AB0510001959F7 /* UIKit.framework in Frameworks */ = {isa = PBXBuildFile; fileRef = 20EAD5E719AA4BD3002B96DA /* UIKit.framework */; };
		201CF88219AB0510001959F7 /* GLKit.framework in Frameworks */ = {isa = PBXBuildFile; fileRef = 201CF88119AB0510001959F7 /* GLKit.framework */; };
		201CF88419AB0510001959F7 /* OpenGLES.framework in Frameworks */ = {isa = PBXBuildFile; fileRef = 201CF88319AB0510001959F7 /* OpenGLES.framework */; };
		201CF88A19AB0510001959F7 /* InfoPlist.strings in Resources */ = {isa = PBXBuildFile; fileRef = 201CF88819AB0510001959F7 /* InfoPlist.strings */; };
		201CF88C19AB0510001959F7 /* main.m in Sources */ = {isa = PBXBuildFile; fileRef = 201CF88B19AB0510001959F7 /* main.m */; };
		201CF89019AB0510001959F7 /* WSLAppDelegate.m in Sources */ = {isa = PBXBuildFile; fileRef = 201CF88F19AB0510001959F7 /* WSLAppDelegate.m */; };
		201CF89319AB0510001959F7 /* Main.storyboard in Resources */ = {isa = PBXBuildFile; fileRef = 201CF89119AB0510001959F7 /* Main.storyboard */; };
		201CF89519AB0510001959F7 /* Shader.fsh in Resources */ = {isa = PBXBuildFile; fileRef = 201CF89419AB0510001959F7 /* Shader.fsh */; };
		201CF89719AB0510001959F7 /* Shader.vsh in Resources */ = {isa = PBXBuildFile; fileRef = 201CF89619AB0510001959F7 /* Shader.vsh */; };
		201CF89A19AB0510001959F7 /* WSLViewController.m in Sources */ = {isa = PBXBuildFile; fileRef = 201CF89919AB0510001959F7 /* WSLViewController.m */; };
		201CF89C19AB0510001959F7 /* Images.xcassets in Resources */ = {isa = PBXBuildFile; fileRef = 201CF89B19AB0510001959F7 /* Images.xcassets */; };
		201CF8B619AB13F4001959F7 /* QuartzCore.framework in Frameworks */ = {isa = PBXBuildFile; fileRef = 201CF8B519AB13F4001959F7 /* QuartzCore.framework */; };
		201CF8B719AB13FA001959F7 /* GLKit.framework in Frameworks */ = {isa = PBXBuildFile; fileRef = 201CF88119AB0510001959F7 /* GLKit.framework */; };
		201CF8BB19AB2008001959F7 /* FComplexNumber.m in Sources */ = {isa = PBXBuildFile; fileRef = 201CF8BA19AB2008001959F7 /* FComplexNumber.m */; };
		201FF1B31E1CB22E000B3CAE /* DynamicSphere.cpp in Sources */ = {isa = PBXBuildFile; fileRef = 201FF1B11E1CAE94000B3CAE /* DynamicSphere.cpp */; };
		201FF1B61E1CE1AE000B3CAE /* DynamicPath.cpp in Sources */ = {isa = PBXBuildFile; fileRef = 201FF1B41E1CE1AE000B3CAE /* DynamicPath.cpp */; };
		2039FCDD19B9BC15009391B9 /* DynamicViewController.mm in Sources */ = {isa = PBXBuildFile; fileRef = 2039FCDC19B9BC15009391B9 /* DynamicViewController.mm */; };
		2044AF591AA5B723005DA969 /* main.m in Sources */ = {isa = PBXBuildFile; fileRef = 2044AF581AA5B723005DA969 /* main.m */; };
		2044AF5C1AA5B723005DA969 /* AppDelegate.m in Sources */ = {isa = PBXBuildFile; fileRef = 2044AF5B1AA5B723005DA969 /* AppDelegate.m */; };
		2044AF621AA5B723005DA969 /* Main.storyboard in Resources */ = {isa = PBXBuildFile; fileRef = 2044AF601AA5B723005DA969 /* Main.storyboard */; };
		2044AF641AA5B723005DA969 /* Images.xcassets in Resources */ = {isa = PBXBuildFile; fileRef = 2044AF631AA5B723005DA969 /* Images.xcassets */; };
		2044AF671AA5B723005DA969 /* LaunchScreen.xib in Resources */ = {isa = PBXBuildFile; fileRef = 2044AF651AA5B723005DA969 /* LaunchScreen.xib */; };
		2044AF841AA5B762005DA969 /* GLView.mm in Sources */ = {isa = PBXBuildFile; fileRef = 2044AF7B1AA5B762005DA969 /* GLView.mm */; };
		2044AF861AA5B762005DA969 /* RenderingEngine2.cpp in Sources */ = {isa = PBXBuildFile; fileRef = 2044AF7F1AA5B762005DA969 /* RenderingEngine2.cpp */; };
		2044AF871AA5B762005DA969 /* Simple.frag in Resources */ = {isa = PBXBuildFile; fileRef = 2044AF801AA5B762005DA969 /* Simple.frag */; };
		2044AF881AA5B762005DA969 /* Simple.vert in Resources */ = {isa = PBXBuildFile; fileRef = 2044AF811AA5B762005DA969 /* Simple.vert */; };
		2044AF891AA5B762005DA969 /* ViewController.mm in Sources */ = {isa = PBXBuildFile; fileRef = 2044AF831AA5B762005DA969 /* ViewController.mm */; };
		2044AF8A1AA5B787005DA969 /* RenderingEngine1.cpp in Sources */ = {isa = PBXBuildFile; fileRef = 2044AF7E1AA5B762005DA969 /* RenderingEngine1.cpp */; };
		205F55351AA0226000D1E8E4 /* main.m in Sources */ = {isa = PBXBuildFile; fileRef = 205F55341AA0226000D1E8E4 /* main.m */; };
		205F55381AA0226000D1E8E4 /* AppDelegate.m in Sources */ = {isa = PBXBuildFile; fileRef = 205F55371AA0226000D1E8E4 /* AppDelegate.m */; };
		205F553B1AA0226000D1E8E4 /* ViewController.mm in Sources */ = {isa = PBXBuildFile; fileRef = 205F553A1AA0226000D1E8E4 /* ViewController.mm */; };
		205F553E1AA0226000D1E8E4 /* Main.storyboard in Resources */ = {isa = PBXBuildFile; fileRef = 205F553C1AA0226000D1E8E4 /* Main.storyboard */; };
		205F55401AA0226000D1E8E4 /* Images.xcassets in Resources */ = {isa = PBXBuildFile; fileRef = 205F553F1AA0226000D1E8E4 /* Images.xcassets */; };
		205F55431AA0226000D1E8E4 /* LaunchScreen.xib in Resources */ = {isa = PBXBuildFile; fileRef = 205F55411AA0226000D1E8E4 /* LaunchScreen.xib */; };
		205F55561AA0228F00D1E8E4 /* OpenGLES.framework in Frameworks */ = {isa = PBXBuildFile; fileRef = 201CF88319AB0510001959F7 /* OpenGLES.framework */; };
		205F55571AA0232B00D1E8E4 /* QuartzCore.framework in Frameworks */ = {isa = PBXBuildFile; fileRef = 201CF8B519AB13F4001959F7 /* QuartzCore.framework */; };
		205F555A1AA0244700D1E8E4 /* GLView.mm in Sources */ = {isa = PBXBuildFile; fileRef = 205F55591AA0244700D1E8E4 /* GLView.mm */; };
		205F555F1AA061BD00D1E8E4 /* RenderingEngine1.cpp in Sources */ = {isa = PBXBuildFile; fileRef = 205F555E1AA061BD00D1E8E4 /* RenderingEngine1.cpp */; };
		206BF3C019BC52CA00549739 /* DynamicSystemShader.vsh in Resources */ = {isa = PBXBuildFile; fileRef = 206BF3BF19BC52CA00549739 /* DynamicSystemShader.vsh */; };
		206BF3C219BC52DD00549739 /* DynamicSystemShader.fsh in Resources */ = {isa = PBXBuildFile; fileRef = 206BF3C119BC52DD00549739 /* DynamicSystemShader.fsh */; };
		206BF3C519BC5BE300549739 /* VertexShaderCompiler.m in Sources */ = {isa = PBXBuildFile; fileRef = 206BF3C419BC5BE300549739 /* VertexShaderCompiler.m */; };
		207560121AA16DD100E01DFC /* RenderingEngine2.cpp in Sources */ = {isa = PBXBuildFile; fileRef = 207560111AA16DD100E01DFC /* RenderingEngine2.cpp */; };
		20B1E1421BB59B9B00246DF6 /* LaunchScreen.storyboard in Resources */ = {isa = PBXBuildFile; fileRef = 20B1E1411BB59B9B00246DF6 /* LaunchScreen.storyboard */; };
		20B636551BD21A2E004ADDA1 /* ViewController.m in Sources */ = {isa = PBXBuildFile; fileRef = 20B636541BD21A2E004ADDA1 /* ViewController.m */; };
		20B636571BD21A2E004ADDA1 /* Assets.xcassets in Resources */ = {isa = PBXBuildFile; fileRef = 20B636561BD21A2E004ADDA1 /* Assets.xcassets */; };
		20B636601BD2E33F004ADDA1 /* GLUT.framework in Frameworks */ = {isa = PBXBuildFile; fileRef = 20B6365F1BD2E33F004ADDA1 /* GLUT.framework */; };
		20B636621BD2E346004ADDA1 /* OpenGL.framework in Frameworks */ = {isa = PBXBuildFile; fileRef = 20B636611BD2E346004ADDA1 /* OpenGL.framework */; };
		20B6367B1BD2E76B004ADDA1 /* GLBatch.cpp in Sources */ = {isa = PBXBuildFile; fileRef = 20B636751BD2E76B004ADDA1 /* GLBatch.cpp */; };
		20B6367C1BD2E76B004ADDA1 /* glew.c in Sources */ = {isa = PBXBuildFile; fileRef = 20B636761BD2E76B004ADDA1 /* glew.c */; };
		20B6367D1BD2E76B004ADDA1 /* GLShaderManager.cpp in Sources */ = {isa = PBXBuildFile; fileRef = 20B636771BD2E76B004ADDA1 /* GLShaderManager.cpp */; };
		20B6367E1BD2E76B004ADDA1 /* GLTools.cpp in Sources */ = {isa = PBXBuildFile; fileRef = 20B636781BD2E76B004ADDA1 /* GLTools.cpp */; };
		20B6367F1BD2E76B004ADDA1 /* GLTriangleBatch.cpp in Sources */ = {isa = PBXBuildFile; fileRef = 20B636791BD2E76B004ADDA1 /* GLTriangleBatch.cpp */; };
		20B636801BD2E76B004ADDA1 /* math3d.cpp in Sources */ = {isa = PBXBuildFile; fileRef = 20B6367A1BD2E76B004ADDA1 /* math3d.cpp */; };
		20EAD5E419AA4BD3002B96DA /* Foundation.framework in Frameworks */ = {isa = PBXBuildFile; fileRef = 20EAD5E319AA4BD3002B96DA /* Foundation.framework */; };
		20EAD5E619AA4BD3002B96DA /* CoreGraphics.framework in Frameworks */ = {isa = PBXBuildFile; fileRef = 20EAD5E519AA4BD3002B96DA /* CoreGraphics.framework */; };
		20EAD5E819AA4BD3002B96DA /* UIKit.framework in Frameworks */ = {isa = PBXBuildFile; fileRef = 20EAD5E719AA4BD3002B96DA /* UIKit.framework */; };
		20EAD5EE19AA4BD3002B96DA /* InfoPlist.strings in Resources */ = {isa = PBXBuildFile; fileRef = 20EAD5EC19AA4BD3002B96DA /* InfoPlist.strings */; };
		20EAD5F019AA4BD3002B96DA /* main.m in Sources */ = {isa = PBXBuildFile; fileRef = 20EAD5EF19AA4BD3002B96DA /* main.m */; };
		20EAD5F419AA4BD3002B96DA /* WSLAppDelegate.m in Sources */ = {isa = PBXBuildFile; fileRef = 20EAD5F319AA4BD3002B96DA /* WSLAppDelegate.m */; };
		20EAD5F719AA4BD3002B96DA /* Main.storyboard in Resources */ = {isa = PBXBuildFile; fileRef = 20EAD5F519AA4BD3002B96DA /* Main.storyboard */; };
		20EAD5FA19AA4BD3002B96DA /* WSLViewController.m in Sources */ = {isa = PBXBuildFile; fileRef = 20EAD5F919AA4BD3002B96DA /* WSLViewController.m */; };
		20EAD5FC19AA4BD3002B96DA /* Images.xcassets in Resources */ = {isa = PBXBuildFile; fileRef = 20EAD5FB19AA4BD3002B96DA /* Images.xcassets */; };
		20EAD61A19AA4C31002B96DA /* WSLHomeViewController.m in Sources */ = {isa = PBXBuildFile; fileRef = 20EAD61919AA4C31002B96DA /* WSLHomeViewController.m */; };
		20F292551BB467250072219D /* ParametricCurve.cpp in Sources */ = {isa = PBXBuildFile; fileRef = 20F2924E1BB467250072219D /* ParametricCurve.cpp */; };
		20F292561BB467250072219D /* ParametricSurface.cpp in Sources */ = {isa = PBXBuildFile; fileRef = 20F292511BB467250072219D /* ParametricSurface.cpp */; };
/* End PBXBuildFile section */

/* Begin PBXFileReference section */
		2002D10919AE410C001C8D19 /* Shader.fsh */ = {isa = PBXFileReference; fileEncoding = 4; lastKnownFileType = sourcecode.glsl; path = Shader.fsh; sourceTree = "<group>"; };
		20070B3519ACEC5000F1B169 /* Shader.vsh */ = {isa = PBXFileReference; fileEncoding = 4; lastKnownFileType = sourcecode.glsl; path = Shader.vsh; sourceTree = "<group>"; };
		201ADC0819C740A700CB2E62 /* SphereShader.vsh */ = {isa = PBXFileReference; fileEncoding = 4; lastKnownFileType = sourcecode.glsl; path = SphereShader.vsh; sourceTree = "<group>"; };
		201ADC0C19C740CB00CB2E62 /* SphereShader.fsh */ = {isa = PBXFileReference; fileEncoding = 4; lastKnownFileType = sourcecode.glsl; path = SphereShader.fsh; sourceTree = "<group>"; };
		201CF87D19AB0510001959F7 /* Demo.app */ = {isa = PBXFileReference; explicitFileType = wrapper.application; includeInIndex = 0; path = Demo.app; sourceTree = BUILT_PRODUCTS_DIR; };
		201CF88119AB0510001959F7 /* GLKit.framework */ = {isa = PBXFileReference; lastKnownFileType = wrapper.framework; name = GLKit.framework; path = System/Library/Frameworks/GLKit.framework; sourceTree = SDKROOT; };
		201CF88319AB0510001959F7 /* OpenGLES.framework */ = {isa = PBXFileReference; lastKnownFileType = wrapper.framework; name = OpenGLES.framework; path = System/Library/Frameworks/OpenGLES.framework; sourceTree = SDKROOT; };
		201CF88719AB0510001959F7 /* Demo-Info.plist */ = {isa = PBXFileReference; lastKnownFileType = text.plist.xml; path = "Demo-Info.plist"; sourceTree = "<group>"; };
		201CF88919AB0510001959F7 /* en */ = {isa = PBXFileReference; lastKnownFileType = text.plist.strings; name = en; path = en.lproj/InfoPlist.strings; sourceTree = "<group>"; };
		201CF88B19AB0510001959F7 /* main.m */ = {isa = PBXFileReference; lastKnownFileType = sourcecode.c.objc; path = main.m; sourceTree = "<group>"; };
		201CF88D19AB0510001959F7 /* Demo-Prefix.pch */ = {isa = PBXFileReference; lastKnownFileType = sourcecode.c.h; path = "Demo-Prefix.pch"; sourceTree = "<group>"; };
		201CF88E19AB0510001959F7 /* WSLAppDelegate.h */ = {isa = PBXFileReference; lastKnownFileType = sourcecode.c.h; path = WSLAppDelegate.h; sourceTree = "<group>"; };
		201CF88F19AB0510001959F7 /* WSLAppDelegate.m */ = {isa = PBXFileReference; lastKnownFileType = sourcecode.c.objc; path = WSLAppDelegate.m; sourceTree = "<group>"; };
		201CF89219AB0510001959F7 /* Base */ = {isa = PBXFileReference; lastKnownFileType = file.storyboard; name = Base; path = Base.lproj/Main.storyboard; sourceTree = "<group>"; };
		201CF89419AB0510001959F7 /* Shader.fsh */ = {isa = PBXFileReference; lastKnownFileType = sourcecode.glsl; name = Shader.fsh; path = Shaders/Shader.fsh; sourceTree = "<group>"; };
		201CF89619AB0510001959F7 /* Shader.vsh */ = {isa = PBXFileReference; lastKnownFileType = sourcecode.glsl; name = Shader.vsh; path = Shaders/Shader.vsh; sourceTree = "<group>"; };
		201CF89819AB0510001959F7 /* WSLViewController.h */ = {isa = PBXFileReference; lastKnownFileType = sourcecode.c.h; path = WSLViewController.h; sourceTree = "<group>"; };
		201CF89919AB0510001959F7 /* WSLViewController.m */ = {isa = PBXFileReference; lastKnownFileType = sourcecode.c.objc; path = WSLViewController.m; sourceTree = "<group>"; };
		201CF89B19AB0510001959F7 /* Images.xcassets */ = {isa = PBXFileReference; lastKnownFileType = folder.assetcatalog; path = Images.xcassets; sourceTree = "<group>"; };
		201CF8B519AB13F4001959F7 /* QuartzCore.framework */ = {isa = PBXFileReference; lastKnownFileType = wrapper.framework; name = QuartzCore.framework; path = System/Library/Frameworks/QuartzCore.framework; sourceTree = SDKROOT; };
		201CF8B919AB2008001959F7 /* FComplexNumber.h */ = {isa = PBXFileReference; fileEncoding = 4; lastKnownFileType = sourcecode.c.h; path = FComplexNumber.h; sourceTree = "<group>"; };
		201CF8BA19AB2008001959F7 /* FComplexNumber.m */ = {isa = PBXFileReference; fileEncoding = 4; lastKnownFileType = sourcecode.c.objc; path = FComplexNumber.m; sourceTree = "<group>"; };
		201FF1B01E1CAE94000B3CAE /* DynamicSphere.hpp */ = {isa = PBXFileReference; fileEncoding = 4; lastKnownFileType = sourcecode.cpp.h; path = DynamicSphere.hpp; sourceTree = "<group>"; };
		201FF1B11E1CAE94000B3CAE /* DynamicSphere.cpp */ = {isa = PBXFileReference; fileEncoding = 4; lastKnownFileType = sourcecode.cpp.cpp; path = DynamicSphere.cpp; sourceTree = "<group>"; };
		201FF1B41E1CE1AE000B3CAE /* DynamicPath.cpp */ = {isa = PBXFileReference; fileEncoding = 4; lastKnownFileType = sourcecode.cpp.cpp; path = DynamicPath.cpp; sourceTree = "<group>"; };
		201FF1B51E1CE1AE000B3CAE /* DynamicPath.hpp */ = {isa = PBXFileReference; fileEncoding = 4; lastKnownFileType = sourcecode.cpp.h; path = DynamicPath.hpp; sourceTree = "<group>"; };
		2034533E1AA0D39800B94FAE /* Simple.vert */ = {isa = PBXFileReference; fileEncoding = 4; lastKnownFileType = sourcecode.glsl; path = Simple.vert; sourceTree = "<group>"; };
		203453401AA0D3C600B94FAE /* Simple.frag */ = {isa = PBXFileReference; fileEncoding = 4; lastKnownFileType = sourcecode.glsl; path = Simple.frag; sourceTree = "<group>"; };
		2039FCDB19B9BC15009391B9 /* DynamicViewController.h */ = {isa = PBXFileReference; fileEncoding = 4; lastKnownFileType = sourcecode.c.h; path = DynamicViewController.h; sourceTree = "<group>"; };
		2039FCDC19B9BC15009391B9 /* DynamicViewController.mm */ = {isa = PBXFileReference; fileEncoding = 4; lastKnownFileType = sourcecode.cpp.objcpp; path = DynamicViewController.mm; sourceTree = "<group>"; };
		2044AF541AA5B723005DA969 /* HelloCone.app */ = {isa = PBXFileReference; explicitFileType = wrapper.application; includeInIndex = 0; path = HelloCone.app; sourceTree = BUILT_PRODUCTS_DIR; };
		2044AF571AA5B723005DA969 /* Info.plist */ = {isa = PBXFileReference; lastKnownFileType = text.plist.xml; path = Info.plist; sourceTree = "<group>"; };
		2044AF581AA5B723005DA969 /* main.m */ = {isa = PBXFileReference; lastKnownFileType = sourcecode.c.objc; path = main.m; sourceTree = "<group>"; };
		2044AF5A1AA5B723005DA969 /* AppDelegate.h */ = {isa = PBXFileReference; lastKnownFileType = sourcecode.c.h; path = AppDelegate.h; sourceTree = "<group>"; };
		2044AF5B1AA5B723005DA969 /* AppDelegate.m */ = {isa = PBXFileReference; lastKnownFileType = sourcecode.c.objc; path = AppDelegate.m; sourceTree = "<group>"; };
		2044AF5D1AA5B723005DA969 /* ViewController.h */ = {isa = PBXFileReference; lastKnownFileType = sourcecode.c.h; path = ViewController.h; sourceTree = "<group>"; };
		2044AF611AA5B723005DA969 /* Base */ = {isa = PBXFileReference; lastKnownFileType = file.storyboard; name = Base; path = Base.lproj/Main.storyboard; sourceTree = "<group>"; };
		2044AF631AA5B723005DA969 /* Images.xcassets */ = {isa = PBXFileReference; lastKnownFileType = folder.assetcatalog; path = Images.xcassets; sourceTree = "<group>"; };
		2044AF661AA5B723005DA969 /* Base */ = {isa = PBXFileReference; lastKnownFileType = file.xib; name = Base; path = Base.lproj/LaunchScreen.xib; sourceTree = "<group>"; };
		2044AF7A1AA5B762005DA969 /* GLView.h */ = {isa = PBXFileReference; fileEncoding = 4; lastKnownFileType = sourcecode.c.h; path = GLView.h; sourceTree = "<group>"; };
		2044AF7B1AA5B762005DA969 /* GLView.mm */ = {isa = PBXFileReference; fileEncoding = 4; lastKnownFileType = sourcecode.cpp.objcpp; path = GLView.mm; sourceTree = "<group>"; };
		2044AF7C1AA5B762005DA969 /* Matrix.hpp */ = {isa = PBXFileReference; fileEncoding = 4; lastKnownFileType = sourcecode.cpp.h; path = Matrix.hpp; sourceTree = "<group>"; };
		2044AF7D1AA5B762005DA969 /* Quaternion.hpp */ = {isa = PBXFileReference; fileEncoding = 4; lastKnownFileType = sourcecode.cpp.h; path = Quaternion.hpp; sourceTree = "<group>"; };
		2044AF7E1AA5B762005DA969 /* RenderingEngine1.cpp */ = {isa = PBXFileReference; fileEncoding = 4; lastKnownFileType = sourcecode.cpp.cpp; path = RenderingEngine1.cpp; sourceTree = "<group>"; };
		2044AF7F1AA5B762005DA969 /* RenderingEngine2.cpp */ = {isa = PBXFileReference; fileEncoding = 4; lastKnownFileType = sourcecode.cpp.cpp; path = RenderingEngine2.cpp; sourceTree = "<group>"; };
		2044AF801AA5B762005DA969 /* Simple.frag */ = {isa = PBXFileReference; fileEncoding = 4; lastKnownFileType = sourcecode.glsl; path = Simple.frag; sourceTree = "<group>"; };
		2044AF811AA5B762005DA969 /* Simple.vert */ = {isa = PBXFileReference; fileEncoding = 4; lastKnownFileType = sourcecode.glsl; path = Simple.vert; sourceTree = "<group>"; };
		2044AF821AA5B762005DA969 /* Vector.hpp */ = {isa = PBXFileReference; fileEncoding = 4; lastKnownFileType = sourcecode.cpp.h; path = Vector.hpp; sourceTree = "<group>"; };
		2044AF831AA5B762005DA969 /* ViewController.mm */ = {isa = PBXFileReference; fileEncoding = 4; lastKnownFileType = sourcecode.cpp.objcpp; path = ViewController.mm; sourceTree = "<group>"; };
		205F55301AA0226000D1E8E4 /* HelloArrow.app */ = {isa = PBXFileReference; explicitFileType = wrapper.application; includeInIndex = 0; path = HelloArrow.app; sourceTree = BUILT_PRODUCTS_DIR; };
		205F55331AA0226000D1E8E4 /* Info.plist */ = {isa = PBXFileReference; lastKnownFileType = text.plist.xml; path = Info.plist; sourceTree = "<group>"; };
		205F55341AA0226000D1E8E4 /* main.m */ = {isa = PBXFileReference; lastKnownFileType = sourcecode.c.objc; path = main.m; sourceTree = "<group>"; };
		205F55361AA0226000D1E8E4 /* AppDelegate.h */ = {isa = PBXFileReference; lastKnownFileType = sourcecode.c.h; path = AppDelegate.h; sourceTree = "<group>"; };
		205F55371AA0226000D1E8E4 /* AppDelegate.m */ = {isa = PBXFileReference; lastKnownFileType = sourcecode.c.objc; path = AppDelegate.m; sourceTree = "<group>"; };
		205F55391AA0226000D1E8E4 /* ViewController.h */ = {isa = PBXFileReference; lastKnownFileType = sourcecode.c.h; path = ViewController.h; sourceTree = "<group>"; };
		205F553A1AA0226000D1E8E4 /* ViewController.mm */ = {isa = PBXFileReference; lastKnownFileType = sourcecode.cpp.objcpp; path = ViewController.mm; sourceTree = "<group>"; };
		205F553D1AA0226000D1E8E4 /* Base */ = {isa = PBXFileReference; lastKnownFileType = file.storyboard; name = Base; path = Base.lproj/Main.storyboard; sourceTree = "<group>"; };
		205F553F1AA0226000D1E8E4 /* Images.xcassets */ = {isa = PBXFileReference; lastKnownFileType = folder.assetcatalog; path = Images.xcassets; sourceTree = "<group>"; };
		205F55421AA0226000D1E8E4 /* Base */ = {isa = PBXFileReference; lastKnownFileType = file.xib; name = Base; path = Base.lproj/LaunchScreen.xib; sourceTree = "<group>"; };
		205F55581AA0244700D1E8E4 /* GLView.h */ = {isa = PBXFileReference; fileEncoding = 4; lastKnownFileType = sourcecode.c.h; path = GLView.h; sourceTree = "<group>"; };
		205F55591AA0244700D1E8E4 /* GLView.mm */ = {isa = PBXFileReference; fileEncoding = 4; lastKnownFileType = sourcecode.cpp.objcpp; path = GLView.mm; sourceTree = "<group>"; };
		205F555B1AA0429200D1E8E4 /* IRenderingEngine.hpp */ = {isa = PBXFileReference; lastKnownFileType = sourcecode.cpp.h; path = IRenderingEngine.hpp; sourceTree = "<group>"; };
		205F555E1AA061BD00D1E8E4 /* RenderingEngine1.cpp */ = {isa = PBXFileReference; fileEncoding = 4; lastKnownFileType = sourcecode.cpp.cpp; path = RenderingEngine1.cpp; sourceTree = "<group>"; };
		206BF3BF19BC52CA00549739 /* DynamicSystemShader.vsh */ = {isa = PBXFileReference; fileEncoding = 4; lastKnownFileType = sourcecode.glsl; path = DynamicSystemShader.vsh; sourceTree = "<group>"; };
		206BF3C119BC52DD00549739 /* DynamicSystemShader.fsh */ = {isa = PBXFileReference; fileEncoding = 4; lastKnownFileType = sourcecode.glsl; path = DynamicSystemShader.fsh; sourceTree = "<group>"; };
		206BF3C319BC5BE300549739 /* VertexShaderCompiler.h */ = {isa = PBXFileReference; fileEncoding = 4; lastKnownFileType = sourcecode.c.h; path = VertexShaderCompiler.h; sourceTree = "<group>"; };
		206BF3C419BC5BE300549739 /* VertexShaderCompiler.m */ = {isa = PBXFileReference; fileEncoding = 4; lastKnownFileType = sourcecode.c.objc; path = VertexShaderCompiler.m; sourceTree = "<group>"; };
		207560111AA16DD100E01DFC /* RenderingEngine2.cpp */ = {isa = PBXFileReference; fileEncoding = 4; lastKnownFileType = sourcecode.cpp.cpp; path = RenderingEngine2.cpp; sourceTree = "<group>"; };
		20A5F48D1AA41543000B390E /* Vector.hpp */ = {isa = PBXFileReference; lastKnownFileType = sourcecode.cpp.h; path = Vector.hpp; sourceTree = "<group>"; };
		20A5F48E1AA41561000B390E /* Matrix.hpp */ = {isa = PBXFileReference; lastKnownFileType = sourcecode.cpp.h; path = Matrix.hpp; sourceTree = "<group>"; };
		20A5F48F1AA41595000B390E /* Quarterunion.hpp */ = {isa = PBXFileReference; lastKnownFileType = sourcecode.cpp.h; path = Quarterunion.hpp; sourceTree = "<group>"; };
		20B1E1411BB59B9B00246DF6 /* LaunchScreen.storyboard */ = {isa = PBXFileReference; fileEncoding = 4; lastKnownFileType = file.storyboard; path = LaunchScreen.storyboard; sourceTree = "<group>"; };
		20B6364B1BD21A2E004ADDA1 /* DimensionsForMac.app */ = {isa = PBXFileReference; explicitFileType = wrapper.application; includeInIndex = 0; path = DimensionsForMac.app; sourceTree = BUILT_PRODUCTS_DIR; };
		20B636531BD21A2E004ADDA1 /* ViewController.h */ = {isa = PBXFileReference; lastKnownFileType = sourcecode.c.h; path = ViewController.h; sourceTree = "<group>"; };
		20B636541BD21A2E004ADDA1 /* ViewController.m */ = {isa = PBXFileReference; lastKnownFileType = sourcecode.c.objc; path = ViewController.m; sourceTree = "<group>"; };
		20B636561BD21A2E004ADDA1 /* Assets.xcassets */ = {isa = PBXFileReference; lastKnownFileType = folder.assetcatalog; path = Assets.xcassets; sourceTree = "<group>"; };
		20B6365B1BD21A2E004ADDA1 /* Info.plist */ = {isa = PBXFileReference; lastKnownFileType = text.plist.xml; path = Info.plist; sourceTree = "<group>"; };
		20B6365F1BD2E33F004ADDA1 /* GLUT.framework */ = {isa = PBXFileReference; lastKnownFileType = wrapper.framework; name = GLUT.framework; path = Platforms/MacOSX.platform/Developer/SDKs/MacOSX10.11.sdk/System/Library/Frameworks/GLUT.framework; sourceTree = DEVELOPER_DIR; };
		20B636611BD2E346004ADDA1 /* OpenGL.framework */ = {isa = PBXFileReference; lastKnownFileType = wrapper.framework; name = OpenGL.framework; path = Platforms/MacOSX.platform/Developer/SDKs/MacOSX10.11.sdk/System/Library/Frameworks/OpenGL.framework; sourceTree = DEVELOPER_DIR; };
		20B636661BD2E76B004ADDA1 /* glew.h */ = {isa = PBXFileReference; fileEncoding = 4; lastKnownFileType = sourcecode.c.h; path = glew.h; sourceTree = "<group>"; };
		20B636671BD2E76B004ADDA1 /* glxew.h */ = {isa = PBXFileReference; fileEncoding = 4; lastKnownFileType = sourcecode.c.h; path = glxew.h; sourceTree = "<group>"; };
		20B636681BD2E76B004ADDA1 /* wglew.h */ = {isa = PBXFileReference; fileEncoding = 4; lastKnownFileType = sourcecode.c.h; path = wglew.h; sourceTree = "<group>"; };
		20B636691BD2E76B004ADDA1 /* GLBatch.h */ = {isa = PBXFileReference; fileEncoding = 4; lastKnownFileType = sourcecode.c.h; path = GLBatch.h; sourceTree = "<group>"; };
		20B6366A1BD2E76B004ADDA1 /* GLBatchBase.h */ = {isa = PBXFileReference; fileEncoding = 4; lastKnownFileType = sourcecode.c.h; path = GLBatchBase.h; sourceTree = "<group>"; };
		20B6366B1BD2E76B004ADDA1 /* GLFrame.h */ = {isa = PBXFileReference; fileEncoding = 4; lastKnownFileType = sourcecode.c.h; path = GLFrame.h; sourceTree = "<group>"; };
		20B6366C1BD2E76B004ADDA1 /* GLFrustum.h */ = {isa = PBXFileReference; fileEncoding = 4; lastKnownFileType = sourcecode.c.h; path = GLFrustum.h; sourceTree = "<group>"; };
		20B6366D1BD2E76B004ADDA1 /* GLGeometryTransform.h */ = {isa = PBXFileReference; fileEncoding = 4; lastKnownFileType = sourcecode.c.h; path = GLGeometryTransform.h; sourceTree = "<group>"; };
		20B6366E1BD2E76B004ADDA1 /* GLMatrixStack.h */ = {isa = PBXFileReference; fileEncoding = 4; lastKnownFileType = sourcecode.c.h; path = GLMatrixStack.h; sourceTree = "<group>"; };
		20B6366F1BD2E76B004ADDA1 /* GLShaderManager.h */ = {isa = PBXFileReference; fileEncoding = 4; lastKnownFileType = sourcecode.c.h; path = GLShaderManager.h; sourceTree = "<group>"; };
		20B636701BD2E76B004ADDA1 /* GLTools.h */ = {isa = PBXFileReference; fileEncoding = 4; lastKnownFileType = sourcecode.c.h; path = GLTools.h; sourceTree = "<group>"; };
		20B636711BD2E76B004ADDA1 /* GLTriangleBatch.h */ = {isa = PBXFileReference; fileEncoding = 4; lastKnownFileType = sourcecode.c.h; path = GLTriangleBatch.h; sourceTree = "<group>"; };
		20B636721BD2E76B004ADDA1 /* math3d.h */ = {isa = PBXFileReference; fileEncoding = 4; lastKnownFileType = sourcecode.c.h; path = math3d.h; sourceTree = "<group>"; };
		20B636731BD2E76B004ADDA1 /* StopWatch.h */ = {isa = PBXFileReference; fileEncoding = 4; lastKnownFileType = sourcecode.c.h; path = StopWatch.h; sourceTree = "<group>"; };
		20B636751BD2E76B004ADDA1 /* GLBatch.cpp */ = {isa = PBXFileReference; fileEncoding = 4; lastKnownFileType = sourcecode.cpp.cpp; path = GLBatch.cpp; sourceTree = "<group>"; };
		20B636761BD2E76B004ADDA1 /* glew.c */ = {isa = PBXFileReference; fileEncoding = 4; lastKnownFileType = sourcecode.c.c; path = glew.c; sourceTree = "<group>"; };
		20B636771BD2E76B004ADDA1 /* GLShaderManager.cpp */ = {isa = PBXFileReference; fileEncoding = 4; lastKnownFileType = sourcecode.cpp.cpp; path = GLShaderManager.cpp; sourceTree = "<group>"; };
		20B636781BD2E76B004ADDA1 /* GLTools.cpp */ = {isa = PBXFileReference; fileEncoding = 4; lastKnownFileType = sourcecode.cpp.cpp; path = GLTools.cpp; sourceTree = "<group>"; };
		20B636791BD2E76B004ADDA1 /* GLTriangleBatch.cpp */ = {isa = PBXFileReference; fileEncoding = 4; lastKnownFileType = sourcecode.cpp.cpp; path = GLTriangleBatch.cpp; sourceTree = "<group>"; };
		20B6367A1BD2E76B004ADDA1 /* math3d.cpp */ = {isa = PBXFileReference; fileEncoding = 4; lastKnownFileType = sourcecode.cpp.cpp; path = math3d.cpp; sourceTree = "<group>"; };
		20EAD5E019AA4BD3002B96DA /* Dimensions.app */ = {isa = PBXFileReference; explicitFileType = wrapper.application; includeInIndex = 0; path = Dimensions.app; sourceTree = BUILT_PRODUCTS_DIR; };
		20EAD5E319AA4BD3002B96DA /* Foundation.framework */ = {isa = PBXFileReference; lastKnownFileType = wrapper.framework; name = Foundation.framework; path = System/Library/Frameworks/Foundation.framework; sourceTree = SDKROOT; };
		20EAD5E519AA4BD3002B96DA /* CoreGraphics.framework */ = {isa = PBXFileReference; lastKnownFileType = wrapper.framework; name = CoreGraphics.framework; path = System/Library/Frameworks/CoreGraphics.framework; sourceTree = SDKROOT; };
		20EAD5E719AA4BD3002B96DA /* UIKit.framework */ = {isa = PBXFileReference; lastKnownFileType = wrapper.framework; name = UIKit.framework; path = System/Library/Frameworks/UIKit.framework; sourceTree = SDKROOT; };
		20EAD5EB19AA4BD3002B96DA /* Dimensions-Info.plist */ = {isa = PBXFileReference; lastKnownFileType = text.plist.xml; path = "Dimensions-Info.plist"; sourceTree = "<group>"; };
		20EAD5ED19AA4BD3002B96DA /* en */ = {isa = PBXFileReference; lastKnownFileType = text.plist.strings; name = en; path = en.lproj/InfoPlist.strings; sourceTree = "<group>"; };
		20EAD5EF19AA4BD3002B96DA /* main.m */ = {isa = PBXFileReference; lastKnownFileType = sourcecode.c.objc; path = main.m; sourceTree = "<group>"; };
		20EAD5F119AA4BD3002B96DA /* Dimensions-Prefix.pch */ = {isa = PBXFileReference; lastKnownFileType = sourcecode.c.h; path = "Dimensions-Prefix.pch"; sourceTree = "<group>"; };
		20EAD5F219AA4BD3002B96DA /* WSLAppDelegate.h */ = {isa = PBXFileReference; lastKnownFileType = sourcecode.c.h; path = WSLAppDelegate.h; sourceTree = "<group>"; };
		20EAD5F319AA4BD3002B96DA /* WSLAppDelegate.m */ = {isa = PBXFileReference; lastKnownFileType = sourcecode.c.objc; path = WSLAppDelegate.m; sourceTree = "<group>"; };
		20EAD5F619AA4BD3002B96DA /* Base */ = {isa = PBXFileReference; lastKnownFileType = file.storyboard; name = Base; path = Base.lproj/Main.storyboard; sourceTree = "<group>"; };
		20EAD5F819AA4BD3002B96DA /* WSLViewController.h */ = {isa = PBXFileReference; lastKnownFileType = sourcecode.c.h; path = WSLViewController.h; sourceTree = "<group>"; };
		20EAD5F919AA4BD3002B96DA /* WSLViewController.m */ = {isa = PBXFileReference; lastKnownFileType = sourcecode.c.objc; path = WSLViewController.m; sourceTree = "<group>"; };
		20EAD5FB19AA4BD3002B96DA /* Images.xcassets */ = {isa = PBXFileReference; lastKnownFileType = folder.assetcatalog; path = Images.xcassets; sourceTree = "<group>"; };
		20EAD60219AA4BD3002B96DA /* XCTest.framework */ = {isa = PBXFileReference; lastKnownFileType = wrapper.framework; name = XCTest.framework; path = Library/Frameworks/XCTest.framework; sourceTree = DEVELOPER_DIR; };
		20EAD61819AA4C31002B96DA /* WSLHomeViewController.h */ = {isa = PBXFileReference; fileEncoding = 4; lastKnownFileType = sourcecode.c.h; path = WSLHomeViewController.h; sourceTree = "<group>"; };
		20EAD61919AA4C31002B96DA /* WSLHomeViewController.m */ = {isa = PBXFileReference; fileEncoding = 4; lastKnownFileType = sourcecode.c.objc; path = WSLHomeViewController.m; sourceTree = "<group>"; };
		20F2924D1BB467250072219D /* Matrix.hpp */ = {isa = PBXFileReference; fileEncoding = 4; lastKnownFileType = sourcecode.cpp.h; path = Matrix.hpp; sourceTree = "<group>"; };
		20F2924E1BB467250072219D /* ParametricCurve.cpp */ = {isa = PBXFileReference; fileEncoding = 4; lastKnownFileType = sourcecode.cpp.cpp; path = ParametricCurve.cpp; sourceTree = "<group>"; };
		20F2924F1BB467250072219D /* ParametricCurve.hpp */ = {isa = PBXFileReference; fileEncoding = 4; lastKnownFileType = sourcecode.cpp.h; path = ParametricCurve.hpp; sourceTree = "<group>"; };
		20F292501BB467250072219D /* ParametricEquations.hpp */ = {isa = PBXFileReference; fileEncoding = 4; lastKnownFileType = sourcecode.cpp.h; path = ParametricEquations.hpp; sourceTree = "<group>"; };
		20F292511BB467250072219D /* ParametricSurface.cpp */ = {isa = PBXFileReference; fileEncoding = 4; lastKnownFileType = sourcecode.cpp.cpp; path = ParametricSurface.cpp; sourceTree = "<group>"; };
		20F292521BB467250072219D /* ParametricSurface.hpp */ = {isa = PBXFileReference; fileEncoding = 4; lastKnownFileType = sourcecode.cpp.h; path = ParametricSurface.hpp; sourceTree = "<group>"; };
		20F292531BB467250072219D /* Quaternion.hpp */ = {isa = PBXFileReference; fileEncoding = 4; lastKnownFileType = sourcecode.cpp.h; path = Quaternion.hpp; sourceTree = "<group>"; };
		20F292541BB467250072219D /* Vector.hpp */ = {isa = PBXFileReference; fileEncoding = 4; lastKnownFileType = sourcecode.cpp.h; path = Vector.hpp; sourceTree = "<group>"; };
		20F292571BB468780072219D /* Interfaces.hpp */ = {isa = PBXFileReference; fileEncoding = 4; lastKnownFileType = sourcecode.cpp.h; path = Interfaces.hpp; sourceTree = "<group>"; };
/* End PBXFileReference section */

/* Begin PBXFrameworksBuildPhase section */
		201CF87A19AB0510001959F7 /* Frameworks */ = {
			isa = PBXFrameworksBuildPhase;
			buildActionMask = 2147483647;
			files = (
				201CF88419AB0510001959F7 /* OpenGLES.framework in Frameworks */,
				201CF87F19AB0510001959F7 /* CoreGraphics.framework in Frameworks */,
				201CF88019AB0510001959F7 /* UIKit.framework in Frameworks */,
				201CF88219AB0510001959F7 /* GLKit.framework in Frameworks */,
				201CF87E19AB0510001959F7 /* Foundation.framework in Frameworks */,
			);
			runOnlyForDeploymentPostprocessing = 0;
		};
		2044AF511AA5B723005DA969 /* Frameworks */ = {
			isa = PBXFrameworksBuildPhase;
			buildActionMask = 2147483647;
			files = (
			);
			runOnlyForDeploymentPostprocessing = 0;
		};
		205F552D1AA0226000D1E8E4 /* Frameworks */ = {
			isa = PBXFrameworksBuildPhase;
			buildActionMask = 2147483647;
			files = (
				205F55571AA0232B00D1E8E4 /* QuartzCore.framework in Frameworks */,
				205F55561AA0228F00D1E8E4 /* OpenGLES.framework in Frameworks */,
			);
			runOnlyForDeploymentPostprocessing = 0;
		};
		20B636481BD21A2E004ADDA1 /* Frameworks */ = {
			isa = PBXFrameworksBuildPhase;
			buildActionMask = 2147483647;
			files = (
				20B636621BD2E346004ADDA1 /* OpenGL.framework in Frameworks */,
				20B636601BD2E33F004ADDA1 /* GLUT.framework in Frameworks */,
			);
			runOnlyForDeploymentPostprocessing = 0;
		};
		20EAD5DD19AA4BD3002B96DA /* Frameworks */ = {
			isa = PBXFrameworksBuildPhase;
			buildActionMask = 2147483647;
			files = (
				201CF8B719AB13FA001959F7 /* GLKit.framework in Frameworks */,
				201CF8B619AB13F4001959F7 /* QuartzCore.framework in Frameworks */,
				20EAD5E619AA4BD3002B96DA /* CoreGraphics.framework in Frameworks */,
				20EAD5E819AA4BD3002B96DA /* UIKit.framework in Frameworks */,
				20EAD5E419AA4BD3002B96DA /* Foundation.framework in Frameworks */,
			);
			runOnlyForDeploymentPostprocessing = 0;
		};
/* End PBXFrameworksBuildPhase section */

/* Begin PBXGroup section */
		201ADC0719C7406400CB2E62 /* DynamicalSystem */ = {
			isa = PBXGroup;
			children = (
				2039FCDB19B9BC15009391B9 /* DynamicViewController.h */,
				2039FCDC19B9BC15009391B9 /* DynamicViewController.mm */,
				206BF3BF19BC52CA00549739 /* DynamicSystemShader.vsh */,
				206BF3C119BC52DD00549739 /* DynamicSystemShader.fsh */,
				201ADC0819C740A700CB2E62 /* SphereShader.vsh */,
				201ADC0C19C740CB00CB2E62 /* SphereShader.fsh */,
				201FF1B01E1CAE94000B3CAE /* DynamicSphere.hpp */,
				201FF1B11E1CAE94000B3CAE /* DynamicSphere.cpp */,
				201FF1B41E1CE1AE000B3CAE /* DynamicPath.cpp */,
				201FF1B51E1CE1AE000B3CAE /* DynamicPath.hpp */,
			);
			name = DynamicalSystem;
			sourceTree = "<group>";
		};
		201CF88519AB0510001959F7 /* Demo */ = {
			isa = PBXGroup;
			children = (
				201CF88E19AB0510001959F7 /* WSLAppDelegate.h */,
				201CF88F19AB0510001959F7 /* WSLAppDelegate.m */,
				201CF89119AB0510001959F7 /* Main.storyboard */,
				201CF89419AB0510001959F7 /* Shader.fsh */,
				201CF89619AB0510001959F7 /* Shader.vsh */,
				201CF89819AB0510001959F7 /* WSLViewController.h */,
				201CF89919AB0510001959F7 /* WSLViewController.m */,
				201CF89B19AB0510001959F7 /* Images.xcassets */,
				201CF88619AB0510001959F7 /* Supporting Files */,
			);
			path = Demo;
			sourceTree = "<group>";
		};
		201CF88619AB0510001959F7 /* Supporting Files */ = {
			isa = PBXGroup;
			children = (
				201CF88719AB0510001959F7 /* Demo-Info.plist */,
				201CF88819AB0510001959F7 /* InfoPlist.strings */,
				201CF88B19AB0510001959F7 /* main.m */,
				201CF88D19AB0510001959F7 /* Demo-Prefix.pch */,
			);
			name = "Supporting Files";
			sourceTree = "<group>";
		};
		201CF8B819AB1FD5001959F7 /* ComplexOperators */ = {
			isa = PBXGroup;
			children = (
				201CF8B919AB2008001959F7 /* FComplexNumber.h */,
				201CF8BA19AB2008001959F7 /* FComplexNumber.m */,
			);
			name = ComplexOperators;
			sourceTree = "<group>";
		};
		2034533D1AA0D36700B94FAE /* Shaders */ = {
			isa = PBXGroup;
			children = (
				2034533E1AA0D39800B94FAE /* Simple.vert */,
				203453401AA0D3C600B94FAE /* Simple.frag */,
			);
			name = Shaders;
			sourceTree = "<group>";
		};
		2044AF551AA5B723005DA969 /* HelloCone */ = {
			isa = PBXGroup;
			children = (
				20C682211AA808D400425C7E /* Math */,
				2044AF7A1AA5B762005DA969 /* GLView.h */,
				2044AF7B1AA5B762005DA969 /* GLView.mm */,
				2044AF7E1AA5B762005DA969 /* RenderingEngine1.cpp */,
				2044AF7F1AA5B762005DA969 /* RenderingEngine2.cpp */,
				2044AF801AA5B762005DA969 /* Simple.frag */,
				2044AF811AA5B762005DA969 /* Simple.vert */,
				2044AF5D1AA5B723005DA969 /* ViewController.h */,
				2044AF831AA5B762005DA969 /* ViewController.mm */,
				2044AF5A1AA5B723005DA969 /* AppDelegate.h */,
				2044AF5B1AA5B723005DA969 /* AppDelegate.m */,
				2044AF601AA5B723005DA969 /* Main.storyboard */,
				2044AF631AA5B723005DA969 /* Images.xcassets */,
				2044AF651AA5B723005DA969 /* LaunchScreen.xib */,
				2044AF561AA5B723005DA969 /* Supporting Files */,
			);
			path = HelloCone;
			sourceTree = "<group>";
		};
		2044AF561AA5B723005DA969 /* Supporting Files */ = {
			isa = PBXGroup;
			children = (
				2044AF571AA5B723005DA969 /* Info.plist */,
				2044AF581AA5B723005DA969 /* main.m */,
			);
			name = "Supporting Files";
			sourceTree = "<group>";
		};
		205F55311AA0226000D1E8E4 /* HelloArrow */ = {
			isa = PBXGroup;
			children = (
				20A5F48C1AA414A0000B390E /* Models */,
				2034533D1AA0D36700B94FAE /* Shaders */,
				205F55361AA0226000D1E8E4 /* AppDelegate.h */,
				205F55371AA0226000D1E8E4 /* AppDelegate.m */,
				205F55391AA0226000D1E8E4 /* ViewController.h */,
				205F553A1AA0226000D1E8E4 /* ViewController.mm */,
				205F553C1AA0226000D1E8E4 /* Main.storyboard */,
				205F553F1AA0226000D1E8E4 /* Images.xcassets */,
				205F55411AA0226000D1E8E4 /* LaunchScreen.xib */,
				205F55321AA0226000D1E8E4 /* Supporting Files */,
				205F55581AA0244700D1E8E4 /* GLView.h */,
				205F55591AA0244700D1E8E4 /* GLView.mm */,
				205F555B1AA0429200D1E8E4 /* IRenderingEngine.hpp */,
				205F555E1AA061BD00D1E8E4 /* RenderingEngine1.cpp */,
				207560111AA16DD100E01DFC /* RenderingEngine2.cpp */,
			);
			path = HelloArrow;
			sourceTree = "<group>";
		};
		205F55321AA0226000D1E8E4 /* Supporting Files */ = {
			isa = PBXGroup;
			children = (
				205F55331AA0226000D1E8E4 /* Info.plist */,
				205F55341AA0226000D1E8E4 /* main.m */,
			);
			name = "Supporting Files";
			sourceTree = "<group>";
		};
		20A5F48C1AA414A0000B390E /* Models */ = {
			isa = PBXGroup;
			children = (
				20A5F48D1AA41543000B390E /* Vector.hpp */,
				20A5F48E1AA41561000B390E /* Matrix.hpp */,
				20A5F48F1AA41595000B390E /* Quarterunion.hpp */,
			);
			name = Models;
			sourceTree = "<group>";
		};
		20B6364C1BD21A2E004ADDA1 /* DimensionsForMac */ = {
			isa = PBXGroup;
			children = (
				20B636531BD21A2E004ADDA1 /* ViewController.h */,
				20B636541BD21A2E004ADDA1 /* ViewController.m */,
				20B636561BD21A2E004ADDA1 /* Assets.xcassets */,
				20B6365B1BD21A2E004ADDA1 /* Info.plist */,
				20B636501BD21A2E004ADDA1 /* Supporting Files */,
			);
			path = DimensionsForMac;
			sourceTree = "<group>";
		};
		20B636501BD21A2E004ADDA1 /* Supporting Files */ = {
			isa = PBXGroup;
			children = (
			);
			name = "Supporting Files";
			sourceTree = "<group>";
		};
		20B636631BD2E76B004ADDA1 /* GLTools */ = {
			isa = PBXGroup;
			children = (
				20B636641BD2E76B004ADDA1 /* include */,
				20B636741BD2E76B004ADDA1 /* src */,
			);
			path = GLTools;
			sourceTree = "<group>";
		};
		20B636641BD2E76B004ADDA1 /* include */ = {
			isa = PBXGroup;
			children = (
				20B636651BD2E76B004ADDA1 /* GL */,
				20B636691BD2E76B004ADDA1 /* GLBatch.h */,
				20B6366A1BD2E76B004ADDA1 /* GLBatchBase.h */,
				20B6366B1BD2E76B004ADDA1 /* GLFrame.h */,
				20B6366C1BD2E76B004ADDA1 /* GLFrustum.h */,
				20B6366D1BD2E76B004ADDA1 /* GLGeometryTransform.h */,
				20B6366E1BD2E76B004ADDA1 /* GLMatrixStack.h */,
				20B6366F1BD2E76B004ADDA1 /* GLShaderManager.h */,
				20B636701BD2E76B004ADDA1 /* GLTools.h */,
				20B636711BD2E76B004ADDA1 /* GLTriangleBatch.h */,
				20B636721BD2E76B004ADDA1 /* math3d.h */,
				20B636731BD2E76B004ADDA1 /* StopWatch.h */,
			);
			path = include;
			sourceTree = "<group>";
		};
		20B636651BD2E76B004ADDA1 /* GL */ = {
			isa = PBXGroup;
			children = (
				20B636661BD2E76B004ADDA1 /* glew.h */,
				20B636671BD2E76B004ADDA1 /* glxew.h */,
				20B636681BD2E76B004ADDA1 /* wglew.h */,
			);
			path = GL;
			sourceTree = "<group>";
		};
		20B636741BD2E76B004ADDA1 /* src */ = {
			isa = PBXGroup;
			children = (
				20B636751BD2E76B004ADDA1 /* GLBatch.cpp */,
				20B636761BD2E76B004ADDA1 /* glew.c */,
				20B636771BD2E76B004ADDA1 /* GLShaderManager.cpp */,
				20B636781BD2E76B004ADDA1 /* GLTools.cpp */,
				20B636791BD2E76B004ADDA1 /* GLTriangleBatch.cpp */,
				20B6367A1BD2E76B004ADDA1 /* math3d.cpp */,
			);
			path = src;
			sourceTree = "<group>";
		};
		20C682211AA808D400425C7E /* Math */ = {
			isa = PBXGroup;
			children = (
				2044AF7C1AA5B762005DA969 /* Matrix.hpp */,
				2044AF821AA5B762005DA969 /* Vector.hpp */,
				2044AF7D1AA5B762005DA969 /* Quaternion.hpp */,
			);
			name = Math;
			sourceTree = "<group>";
		};
		20EAD5D719AA4BD3002B96DA = {
			isa = PBXGroup;
			children = (
				20EAD5E919AA4BD3002B96DA /* Dimensions */,
				201CF88519AB0510001959F7 /* Demo */,
				205F55311AA0226000D1E8E4 /* HelloArrow */,
				2044AF551AA5B723005DA969 /* HelloCone */,
				20B6364C1BD21A2E004ADDA1 /* DimensionsForMac */,
				20EAD5E219AA4BD3002B96DA /* Frameworks */,
				20EAD5E119AA4BD3002B96DA /* Products */,
			);
			sourceTree = "<group>";
		};
		20EAD5E119AA4BD3002B96DA /* Products */ = {
			isa = PBXGroup;
			children = (
				20EAD5E019AA4BD3002B96DA /* Dimensions.app */,
				201CF87D19AB0510001959F7 /* Demo.app */,
				205F55301AA0226000D1E8E4 /* HelloArrow.app */,
				2044AF541AA5B723005DA969 /* HelloCone.app */,
				20B6364B1BD21A2E004ADDA1 /* DimensionsForMac.app */,
			);
			name = Products;
			sourceTree = "<group>";
		};
		20EAD5E219AA4BD3002B96DA /* Frameworks */ = {
			isa = PBXGroup;
			children = (
				20B636631BD2E76B004ADDA1 /* GLTools */,
				20B636611BD2E346004ADDA1 /* OpenGL.framework */,
				20B6365F1BD2E33F004ADDA1 /* GLUT.framework */,
				201CF8B519AB13F4001959F7 /* QuartzCore.framework */,
				20EAD5E319AA4BD3002B96DA /* Foundation.framework */,
				20EAD5E519AA4BD3002B96DA /* CoreGraphics.framework */,
				20EAD5E719AA4BD3002B96DA /* UIKit.framework */,
				20EAD60219AA4BD3002B96DA /* XCTest.framework */,
				201CF88119AB0510001959F7 /* GLKit.framework */,
				201CF88319AB0510001959F7 /* OpenGLES.framework */,
			);
			name = Frameworks;
			sourceTree = "<group>";
		};
		20EAD5E919AA4BD3002B96DA /* Dimensions */ = {
			isa = PBXGroup;
			children = (
				20F2924C1BB467250072219D /* Maths */,
				201ADC0719C7406400CB2E62 /* DynamicalSystem */,
				206BF3C319BC5BE300549739 /* VertexShaderCompiler.h */,
				206BF3C419BC5BE300549739 /* VertexShaderCompiler.m */,
				201CF8B819AB1FD5001959F7 /* ComplexOperators */,
				20EAD5F219AA4BD3002B96DA /* WSLAppDelegate.h */,
				20EAD5F319AA4BD3002B96DA /* WSLAppDelegate.m */,
				20EAD5F519AA4BD3002B96DA /* Main.storyboard */,
				20B1E1411BB59B9B00246DF6 /* LaunchScreen.storyboard */,
				20EAD5F819AA4BD3002B96DA /* WSLViewController.h */,
				20EAD5F919AA4BD3002B96DA /* WSLViewController.m */,
				20EAD61819AA4C31002B96DA /* WSLHomeViewController.h */,
				20EAD61919AA4C31002B96DA /* WSLHomeViewController.m */,
				20EAD5FB19AA4BD3002B96DA /* Images.xcassets */,
				20EAD5EA19AA4BD3002B96DA /* Supporting Files */,
				20070B3519ACEC5000F1B169 /* Shader.vsh */,
				2002D10919AE410C001C8D19 /* Shader.fsh */,
			);
			path = Dimensions;
			sourceTree = "<group>";
		};
		20EAD5EA19AA4BD3002B96DA /* Supporting Files */ = {
			isa = PBXGroup;
			children = (
				20EAD5EB19AA4BD3002B96DA /* Dimensions-Info.plist */,
				20EAD5EC19AA4BD3002B96DA /* InfoPlist.strings */,
				20EAD5EF19AA4BD3002B96DA /* main.m */,
				20EAD5F119AA4BD3002B96DA /* Dimensions-Prefix.pch */,
			);
			name = "Supporting Files";
			sourceTree = "<group>";
		};
		20F2924C1BB467250072219D /* Maths */ = {
			isa = PBXGroup;
			children = (
				20F292571BB468780072219D /* Interfaces.hpp */,
				20F2924D1BB467250072219D /* Matrix.hpp */,
				20F2924E1BB467250072219D /* ParametricCurve.cpp */,
				20F2924F1BB467250072219D /* ParametricCurve.hpp */,
				20F292501BB467250072219D /* ParametricEquations.hpp */,
				20F292511BB467250072219D /* ParametricSurface.cpp */,
				20F292521BB467250072219D /* ParametricSurface.hpp */,
				20F292531BB467250072219D /* Quaternion.hpp */,
				20F292541BB467250072219D /* Vector.hpp */,
			);
			path = Maths;
			sourceTree = "<group>";
		};
/* End PBXGroup section */

/* Begin PBXNativeTarget section */
		201CF87C19AB0510001959F7 /* Demo */ = {
			isa = PBXNativeTarget;
			buildConfigurationList = 201CF8B319AB0511001959F7 /* Build configuration list for PBXNativeTarget "Demo" */;
			buildPhases = (
				201CF87919AB0510001959F7 /* Sources */,
				201CF87A19AB0510001959F7 /* Frameworks */,
				201CF87B19AB0510001959F7 /* Resources */,
			);
			buildRules = (
			);
			dependencies = (
			);
			name = Demo;
			productName = Demo;
			productReference = 201CF87D19AB0510001959F7 /* Demo.app */;
			productType = "com.apple.product-type.application";
		};
		2044AF531AA5B723005DA969 /* HelloCone */ = {
			isa = PBXNativeTarget;
			buildConfigurationList = 2044AF741AA5B723005DA969 /* Build configuration list for PBXNativeTarget "HelloCone" */;
			buildPhases = (
				2044AF501AA5B723005DA969 /* Sources */,
				2044AF511AA5B723005DA969 /* Frameworks */,
				2044AF521AA5B723005DA969 /* Resources */,
			);
			buildRules = (
			);
			dependencies = (
			);
			name = HelloCone;
			productName = HelloCone;
			productReference = 2044AF541AA5B723005DA969 /* HelloCone.app */;
			productType = "com.apple.product-type.application";
		};
		205F552F1AA0226000D1E8E4 /* HelloArrow */ = {
			isa = PBXNativeTarget;
			buildConfigurationList = 205F55541AA0226000D1E8E4 /* Build configuration list for PBXNativeTarget "HelloArrow" */;
			buildPhases = (
				205F552C1AA0226000D1E8E4 /* Sources */,
				205F552D1AA0226000D1E8E4 /* Frameworks */,
				205F552E1AA0226000D1E8E4 /* Resources */,
			);
			buildRules = (
			);
			dependencies = (
			);
			name = HelloArrow;
			productName = HelloArrow;
			productReference = 205F55301AA0226000D1E8E4 /* HelloArrow.app */;
			productType = "com.apple.product-type.application";
		};
		20B6364A1BD21A2E004ADDA1 /* DimensionsForMac */ = {
			isa = PBXNativeTarget;
			buildConfigurationList = 20B6365E1BD21A2E004ADDA1 /* Build configuration list for PBXNativeTarget "DimensionsForMac" */;
			buildPhases = (
				20B636471BD21A2E004ADDA1 /* Sources */,
				20B636481BD21A2E004ADDA1 /* Frameworks */,
				20B636491BD21A2E004ADDA1 /* Resources */,
			);
			buildRules = (
			);
			dependencies = (
			);
			name = DimensionsForMac;
			productName = DimensionsForMac;
			productReference = 20B6364B1BD21A2E004ADDA1 /* DimensionsForMac.app */;
			productType = "com.apple.product-type.application";
		};
		20EAD5DF19AA4BD3002B96DA /* Dimensions */ = {
			isa = PBXNativeTarget;
			buildConfigurationList = 20EAD61219AA4BD3002B96DA /* Build configuration list for PBXNativeTarget "Dimensions" */;
			buildPhases = (
				20EAD5DC19AA4BD3002B96DA /* Sources */,
				20EAD5DD19AA4BD3002B96DA /* Frameworks */,
				20EAD5DE19AA4BD3002B96DA /* Resources */,
			);
			buildRules = (
			);
			dependencies = (
			);
			name = Dimensions;
			productName = Dimensions;
			productReference = 20EAD5E019AA4BD3002B96DA /* Dimensions.app */;
			productType = "com.apple.product-type.application";
		};
/* End PBXNativeTarget section */

/* Begin PBXProject section */
		20EAD5D819AA4BD3002B96DA /* Project object */ = {
			isa = PBXProject;
			attributes = {
				CLASSPREFIX = WSL;
				LastUpgradeCheck = 0510;
				ORGANIZATIONNAME = "___FULLUSERNAME___";
				TargetAttributes = {
					2044AF531AA5B723005DA969 = {
						CreatedOnToolsVersion = 6.1.1;
					};
					205F552F1AA0226000D1E8E4 = {
						CreatedOnToolsVersion = 6.1.1;
					};
					20B6364A1BD21A2E004ADDA1 = {
						CreatedOnToolsVersion = 7.0.1;
					};
					20EAD5DF19AA4BD3002B96DA = {
						DevelopmentTeam = SR9HWZ3HDL;
					};
				};
			};
			buildConfigurationList = 20EAD5DB19AA4BD3002B96DA /* Build configuration list for PBXProject "Dimensions" */;
			compatibilityVersion = "Xcode 3.2";
			developmentRegion = English;
			hasScannedForEncodings = 0;
			knownRegions = (
				en,
				Base,
			);
			mainGroup = 20EAD5D719AA4BD3002B96DA;
			productRefGroup = 20EAD5E119AA4BD3002B96DA /* Products */;
			projectDirPath = "";
			projectRoot = "";
			targets = (
				20EAD5DF19AA4BD3002B96DA /* Dimensions */,
				201CF87C19AB0510001959F7 /* Demo */,
				205F552F1AA0226000D1E8E4 /* HelloArrow */,
				2044AF531AA5B723005DA969 /* HelloCone */,
				20B6364A1BD21A2E004ADDA1 /* DimensionsForMac */,
			);
		};
/* End PBXProject section */

/* Begin PBXResourcesBuildPhase section */
		201CF87B19AB0510001959F7 /* Resources */ = {
			isa = PBXResourcesBuildPhase;
			buildActionMask = 2147483647;
			files = (
				201CF89719AB0510001959F7 /* Shader.vsh in Resources */,
				201CF89C19AB0510001959F7 /* Images.xcassets in Resources */,
				201CF89519AB0510001959F7 /* Shader.fsh in Resources */,
				201CF88A19AB0510001959F7 /* InfoPlist.strings in Resources */,
				201CF89319AB0510001959F7 /* Main.storyboard in Resources */,
			);
			runOnlyForDeploymentPostprocessing = 0;
		};
		2044AF521AA5B723005DA969 /* Resources */ = {
			isa = PBXResourcesBuildPhase;
			buildActionMask = 2147483647;
			files = (
				2044AF621AA5B723005DA969 /* Main.storyboard in Resources */,
				2044AF671AA5B723005DA969 /* LaunchScreen.xib in Resources */,
				2044AF881AA5B762005DA969 /* Simple.vert in Resources */,
				2044AF641AA5B723005DA969 /* Images.xcassets in Resources */,
				2044AF871AA5B762005DA969 /* Simple.frag in Resources */,
			);
			runOnlyForDeploymentPostprocessing = 0;
		};
		205F552E1AA0226000D1E8E4 /* Resources */ = {
			isa = PBXResourcesBuildPhase;
			buildActionMask = 2147483647;
			files = (
				205F553E1AA0226000D1E8E4 /* Main.storyboard in Resources */,
				205F55431AA0226000D1E8E4 /* LaunchScreen.xib in Resources */,
				205F55401AA0226000D1E8E4 /* Images.xcassets in Resources */,
			);
			runOnlyForDeploymentPostprocessing = 0;
		};
		20B636491BD21A2E004ADDA1 /* Resources */ = {
			isa = PBXResourcesBuildPhase;
			buildActionMask = 2147483647;
			files = (
				20B636571BD21A2E004ADDA1 /* Assets.xcassets in Resources */,
			);
			runOnlyForDeploymentPostprocessing = 0;
		};
		20EAD5DE19AA4BD3002B96DA /* Resources */ = {
			isa = PBXResourcesBuildPhase;
			buildActionMask = 2147483647;
			files = (
				20070B3619ACEC5000F1B169 /* Shader.vsh in Resources */,
				201ADC0E19C740CB00CB2E62 /* SphereShader.fsh in Resources */,
				20EAD5FC19AA4BD3002B96DA /* Images.xcassets in Resources */,
				20B1E1421BB59B9B00246DF6 /* LaunchScreen.storyboard in Resources */,
				206BF3C219BC52DD00549739 /* DynamicSystemShader.fsh in Resources */,
				20EAD5EE19AA4BD3002B96DA /* InfoPlist.strings in Resources */,
				206BF3C019BC52CA00549739 /* DynamicSystemShader.vsh in Resources */,
				201ADC0A19C740A700CB2E62 /* SphereShader.vsh in Resources */,
				20EAD5F719AA4BD3002B96DA /* Main.storyboard in Resources */,
				2002D10A19AE410C001C8D19 /* Shader.fsh in Resources */,
			);
			runOnlyForDeploymentPostprocessing = 0;
		};
/* End PBXResourcesBuildPhase section */

/* Begin PBXSourcesBuildPhase section */
		201CF87919AB0510001959F7 /* Sources */ = {
			isa = PBXSourcesBuildPhase;
			buildActionMask = 2147483647;
			files = (
				201CF88C19AB0510001959F7 /* main.m in Sources */,
				201CF89A19AB0510001959F7 /* WSLViewController.m in Sources */,
				201CF89019AB0510001959F7 /* WSLAppDelegate.m in Sources */,
			);
			runOnlyForDeploymentPostprocessing = 0;
		};
		2044AF501AA5B723005DA969 /* Sources */ = {
			isa = PBXSourcesBuildPhase;
			buildActionMask = 2147483647;
			files = (
				2044AF5C1AA5B723005DA969 /* AppDelegate.m in Sources */,
				2044AF8A1AA5B787005DA969 /* RenderingEngine1.cpp in Sources */,
				2044AF591AA5B723005DA969 /* main.m in Sources */,
				2044AF841AA5B762005DA969 /* GLView.mm in Sources */,
				2044AF891AA5B762005DA969 /* ViewController.mm in Sources */,
				2044AF861AA5B762005DA969 /* RenderingEngine2.cpp in Sources */,
			);
			runOnlyForDeploymentPostprocessing = 0;
		};
		205F552C1AA0226000D1E8E4 /* Sources */ = {
			isa = PBXSourcesBuildPhase;
			buildActionMask = 2147483647;
			files = (
				205F553B1AA0226000D1E8E4 /* ViewController.mm in Sources */,
				205F555A1AA0244700D1E8E4 /* GLView.mm in Sources */,
				205F55381AA0226000D1E8E4 /* AppDelegate.m in Sources */,
				205F55351AA0226000D1E8E4 /* main.m in Sources */,
				205F555F1AA061BD00D1E8E4 /* RenderingEngine1.cpp in Sources */,
				207560121AA16DD100E01DFC /* RenderingEngine2.cpp in Sources */,
			);
			runOnlyForDeploymentPostprocessing = 0;
		};
		20B636471BD21A2E004ADDA1 /* Sources */ = {
			isa = PBXSourcesBuildPhase;
			buildActionMask = 2147483647;
			files = (
				20B636551BD21A2E004ADDA1 /* ViewController.m in Sources */,
				20B636801BD2E76B004ADDA1 /* math3d.cpp in Sources */,
				20B6367D1BD2E76B004ADDA1 /* GLShaderManager.cpp in Sources */,
				20B6367B1BD2E76B004ADDA1 /* GLBatch.cpp in Sources */,
				20B6367C1BD2E76B004ADDA1 /* glew.c in Sources */,
				20B6367E1BD2E76B004ADDA1 /* GLTools.cpp in Sources */,
				20B6367F1BD2E76B004ADDA1 /* GLTriangleBatch.cpp in Sources */,
			);
			runOnlyForDeploymentPostprocessing = 0;
		};
		20EAD5DC19AA4BD3002B96DA /* Sources */ = {
			isa = PBXSourcesBuildPhase;
			buildActionMask = 2147483647;
			files = (
				2039FCDD19B9BC15009391B9 /* DynamicViewController.mm in Sources */,
				20F292551BB467250072219D /* ParametricCurve.cpp in Sources */,
				201FF1B31E1CB22E000B3CAE /* DynamicSphere.cpp in Sources */,
				20EAD61A19AA4C31002B96DA /* WSLHomeViewController.m in Sources */,
				201CF8BB19AB2008001959F7 /* FComplexNumber.m in Sources */,
				20EAD5F019AA4BD3002B96DA /* main.m in Sources */,
				20EAD5FA19AA4BD3002B96DA /* WSLViewController.m in Sources */,
				201FF1B61E1CE1AE000B3CAE /* DynamicPath.cpp in Sources */,
				20EAD5F419AA4BD3002B96DA /* WSLAppDelegate.m in Sources */,
				20F292561BB467250072219D /* ParametricSurface.cpp in Sources */,
				206BF3C519BC5BE300549739 /* VertexShaderCompiler.m in Sources */,
			);
			runOnlyForDeploymentPostprocessing = 0;
		};
/* End PBXSourcesBuildPhase section */

/* Begin PBXVariantGroup section */
		201CF88819AB0510001959F7 /* InfoPlist.strings */ = {
			isa = PBXVariantGroup;
			children = (
				201CF88919AB0510001959F7 /* en */,
			);
			name = InfoPlist.strings;
			sourceTree = "<group>";
		};
		201CF89119AB0510001959F7 /* Main.storyboard */ = {
			isa = PBXVariantGroup;
			children = (
				201CF89219AB0510001959F7 /* Base */,
			);
			name = Main.storyboard;
			sourceTree = "<group>";
		};
		2044AF601AA5B723005DA969 /* Main.storyboard */ = {
			isa = PBXVariantGroup;
			children = (
				2044AF611AA5B723005DA969 /* Base */,
			);
			name = Main.storyboard;
			sourceTree = "<group>";
		};
		2044AF651AA5B723005DA969 /* LaunchScreen.xib */ = {
			isa = PBXVariantGroup;
			children = (
				2044AF661AA5B723005DA969 /* Base */,
			);
			name = LaunchScreen.xib;
			sourceTree = "<group>";
		};
		205F553C1AA0226000D1E8E4 /* Main.storyboard */ = {
			isa = PBXVariantGroup;
			children = (
				205F553D1AA0226000D1E8E4 /* Base */,
			);
			name = Main.storyboard;
			sourceTree = "<group>";
		};
		205F55411AA0226000D1E8E4 /* LaunchScreen.xib */ = {
			isa = PBXVariantGroup;
			children = (
				205F55421AA0226000D1E8E4 /* Base */,
			);
			name = LaunchScreen.xib;
			sourceTree = "<group>";
		};
		20EAD5EC19AA4BD3002B96DA /* InfoPlist.strings */ = {
			isa = PBXVariantGroup;
			children = (
				20EAD5ED19AA4BD3002B96DA /* en */,
			);
			name = InfoPlist.strings;
			sourceTree = "<group>";
		};
		20EAD5F519AA4BD3002B96DA /* Main.storyboard */ = {
			isa = PBXVariantGroup;
			children = (
				20EAD5F619AA4BD3002B96DA /* Base */,
			);
			name = Main.storyboard;
			sourceTree = "<group>";
		};
/* End PBXVariantGroup section */

/* Begin XCBuildConfiguration section */
		201CF8AF19AB0511001959F7 /* Debug */ = {
			isa = XCBuildConfiguration;
			buildSettings = {
				ASSETCATALOG_COMPILER_APPICON_NAME = AppIcon;
				ASSETCATALOG_COMPILER_LAUNCHIMAGE_NAME = LaunchImage;
				GCC_PRECOMPILE_PREFIX_HEADER = YES;
				GCC_PREFIX_HEADER = "Demo/Demo-Prefix.pch";
				GCC_PREPROCESSOR_DEFINITIONS = (
					"DEBUG=1",
					"$(inherited)",
				);
				INFOPLIST_FILE = "Demo/Demo-Info.plist";
				PRODUCT_NAME = "$(TARGET_NAME)";
				WRAPPER_EXTENSION = app;
			};
			name = Debug;
		};
		201CF8B019AB0511001959F7 /* Release */ = {
			isa = XCBuildConfiguration;
			buildSettings = {
				ASSETCATALOG_COMPILER_APPICON_NAME = AppIcon;
				ASSETCATALOG_COMPILER_LAUNCHIMAGE_NAME = LaunchImage;
				GCC_PRECOMPILE_PREFIX_HEADER = YES;
				GCC_PREFIX_HEADER = "Demo/Demo-Prefix.pch";
				INFOPLIST_FILE = "Demo/Demo-Info.plist";
				PRODUCT_NAME = "$(TARGET_NAME)";
				WRAPPER_EXTENSION = app;
			};
			name = Release;
		};
		2044AF751AA5B723005DA969 /* Debug */ = {
			isa = XCBuildConfiguration;
			buildSettings = {
				ASSETCATALOG_COMPILER_APPICON_NAME = AppIcon;
				CLANG_WARN_UNREACHABLE_CODE = YES;
				ENABLE_STRICT_OBJC_MSGSEND = YES;
				GCC_PREPROCESSOR_DEFINITIONS = (
					"DEBUG=1",
					"$(inherited)",
				);
				INFOPLIST_FILE = HelloCone/Info.plist;
				IPHONEOS_DEPLOYMENT_TARGET = 8.1;
				LD_RUNPATH_SEARCH_PATHS = "$(inherited) @executable_path/Frameworks";
				MTL_ENABLE_DEBUG_INFO = YES;
				PRODUCT_NAME = "$(TARGET_NAME)";
			};
			name = Debug;
		};
		2044AF761AA5B723005DA969 /* Release */ = {
			isa = XCBuildConfiguration;
			buildSettings = {
				ASSETCATALOG_COMPILER_APPICON_NAME = AppIcon;
				CLANG_WARN_UNREACHABLE_CODE = YES;
				ENABLE_STRICT_OBJC_MSGSEND = YES;
				INFOPLIST_FILE = HelloCone/Info.plist;
				IPHONEOS_DEPLOYMENT_TARGET = 8.1;
				LD_RUNPATH_SEARCH_PATHS = "$(inherited) @executable_path/Frameworks";
				MTL_ENABLE_DEBUG_INFO = NO;
				PRODUCT_NAME = "$(TARGET_NAME)";
			};
			name = Release;
		};
		205F55501AA0226000D1E8E4 /* Debug */ = {
			isa = XCBuildConfiguration;
			buildSettings = {
				ASSETCATALOG_COMPILER_APPICON_NAME = AppIcon;
				CLANG_WARN_UNREACHABLE_CODE = YES;
				ENABLE_STRICT_OBJC_MSGSEND = YES;
				GCC_PREPROCESSOR_DEFINITIONS = (
					"DEBUG=1",
					"$(inherited)",
				);
				INFOPLIST_FILE = HelloArrow/Info.plist;
				IPHONEOS_DEPLOYMENT_TARGET = 8.1;
				LD_RUNPATH_SEARCH_PATHS = "$(inherited) @executable_path/Frameworks";
				MTL_ENABLE_DEBUG_INFO = YES;
				PRODUCT_NAME = "$(TARGET_NAME)";
			};
			name = Debug;
		};
		205F55511AA0226000D1E8E4 /* Release */ = {
			isa = XCBuildConfiguration;
			buildSettings = {
				ASSETCATALOG_COMPILER_APPICON_NAME = AppIcon;
				CLANG_WARN_UNREACHABLE_CODE = YES;
				ENABLE_STRICT_OBJC_MSGSEND = YES;
				INFOPLIST_FILE = HelloArrow/Info.plist;
				IPHONEOS_DEPLOYMENT_TARGET = 8.1;
				LD_RUNPATH_SEARCH_PATHS = "$(inherited) @executable_path/Frameworks";
				MTL_ENABLE_DEBUG_INFO = NO;
				PRODUCT_NAME = "$(TARGET_NAME)";
			};
			name = Release;
		};
		20B6365C1BD21A2E004ADDA1 /* Debug */ = {
			isa = XCBuildConfiguration;
			buildSettings = {
				ASSETCATALOG_COMPILER_APPICON_NAME = AppIcon;
				CLANG_WARN_UNREACHABLE_CODE = YES;
				CODE_SIGN_IDENTITY = "-";
				COMBINE_HIDPI_IMAGES = YES;
				DEBUG_INFORMATION_FORMAT = dwarf;
				ENABLE_STRICT_OBJC_MSGSEND = YES;
				ENABLE_TESTABILITY = YES;
				GCC_NO_COMMON_BLOCKS = YES;
				HEADER_SEARCH_PATHS = "$(GLTOOLS_INCLUDE)/**";
				INFOPLIST_FILE = DimensionsForMac/Info.plist;
				LD_RUNPATH_SEARCH_PATHS = "$(inherited) @executable_path/../Frameworks";
				MACOSX_DEPLOYMENT_TARGET = 10.10;
				MTL_ENABLE_DEBUG_INFO = YES;
				PRODUCT_BUNDLE_IDENTIFIER = FLab.example;
				PRODUCT_NAME = "$(TARGET_NAME)";
				SDKROOT = macosx;
			};
			name = Debug;
		};
		20B6365D1BD21A2E004ADDA1 /* Release */ = {
			isa = XCBuildConfiguration;
			buildSettings = {
				ASSETCATALOG_COMPILER_APPICON_NAME = AppIcon;
				CLANG_WARN_UNREACHABLE_CODE = YES;
				CODE_SIGN_IDENTITY = "-";
				COMBINE_HIDPI_IMAGES = YES;
				COPY_PHASE_STRIP = NO;
				DEBUG_INFORMATION_FORMAT = "dwarf-with-dsym";
				ENABLE_STRICT_OBJC_MSGSEND = YES;
				GCC_NO_COMMON_BLOCKS = YES;
				HEADER_SEARCH_PATHS = "$(GLTOOLS_INCLUDE)/**";
				INFOPLIST_FILE = DimensionsForMac/Info.plist;
				LD_RUNPATH_SEARCH_PATHS = "$(inherited) @executable_path/../Frameworks";
				MACOSX_DEPLOYMENT_TARGET = 10.10;
				MTL_ENABLE_DEBUG_INFO = NO;
				PRODUCT_BUNDLE_IDENTIFIER = FLab.example;
				PRODUCT_NAME = "$(TARGET_NAME)";
				SDKROOT = macosx;
			};
			name = Release;
		};
		20EAD61019AA4BD3002B96DA /* Debug */ = {
			isa = XCBuildConfiguration;
			buildSettings = {
				ALWAYS_SEARCH_USER_PATHS = NO;
				CLANG_CXX_LANGUAGE_STANDARD = "gnu++0x";
				CLANG_CXX_LIBRARY = "libc++";
				CLANG_ENABLE_MODULES = YES;
				CLANG_ENABLE_OBJC_ARC = YES;
				CLANG_WARN_BOOL_CONVERSION = YES;
				CLANG_WARN_CONSTANT_CONVERSION = YES;
				CLANG_WARN_DIRECT_OBJC_ISA_USAGE = YES_ERROR;
				CLANG_WARN_EMPTY_BODY = YES;
				CLANG_WARN_ENUM_CONVERSION = YES;
				CLANG_WARN_INT_CONVERSION = YES;
				CLANG_WARN_OBJC_ROOT_CLASS = YES_ERROR;
				CLANG_WARN__DUPLICATE_METHOD_MATCH = YES;
				"CODE_SIGN_IDENTITY[sdk=iphoneos*]" = "iPhone Developer";
				COPY_PHASE_STRIP = NO;
				GCC_C_LANGUAGE_STANDARD = gnu99;
				GCC_DYNAMIC_NO_PIC = NO;
				GCC_OPTIMIZATION_LEVEL = 0;
				GCC_PREPROCESSOR_DEFINITIONS = (
					"DEBUG=1",
					"$(inherited)",
				);
				GCC_SYMBOLS_PRIVATE_EXTERN = NO;
				GCC_WARN_64_TO_32_BIT_CONVERSION = YES;
				GCC_WARN_ABOUT_RETURN_TYPE = YES_ERROR;
				GCC_WARN_UNDECLARED_SELECTOR = YES;
				GCC_WARN_UNINITIALIZED_AUTOS = YES_AGGRESSIVE;
				GCC_WARN_UNUSED_FUNCTION = YES;
				GCC_WARN_UNUSED_VARIABLE = YES;
				IPHONEOS_DEPLOYMENT_TARGET = 7.1;
				ONLY_ACTIVE_ARCH = YES;
				SDKROOT = iphoneos;
			};
			name = Debug;
		};
		20EAD61119AA4BD3002B96DA /* Release */ = {
			isa = XCBuildConfiguration;
			buildSettings = {
				ALWAYS_SEARCH_USER_PATHS = NO;
				CLANG_CXX_LANGUAGE_STANDARD = "gnu++0x";
				CLANG_CXX_LIBRARY = "libc++";
				CLANG_ENABLE_MODULES = YES;
				CLANG_ENABLE_OBJC_ARC = YES;
				CLANG_WARN_BOOL_CONVERSION = YES;
				CLANG_WARN_CONSTANT_CONVERSION = YES;
				CLANG_WARN_DIRECT_OBJC_ISA_USAGE = YES_ERROR;
				CLANG_WARN_EMPTY_BODY = YES;
				CLANG_WARN_ENUM_CONVERSION = YES;
				CLANG_WARN_INT_CONVERSION = YES;
				CLANG_WARN_OBJC_ROOT_CLASS = YES_ERROR;
				CLANG_WARN__DUPLICATE_METHOD_MATCH = YES;
				"CODE_SIGN_IDENTITY[sdk=iphoneos*]" = "iPhone Developer";
				COPY_PHASE_STRIP = YES;
				ENABLE_NS_ASSERTIONS = NO;
				GCC_C_LANGUAGE_STANDARD = gnu99;
				GCC_WARN_64_TO_32_BIT_CONVERSION = YES;
				GCC_WARN_ABOUT_RETURN_TYPE = YES_ERROR;
				GCC_WARN_UNDECLARED_SELECTOR = YES;
				GCC_WARN_UNINITIALIZED_AUTOS = YES_AGGRESSIVE;
				GCC_WARN_UNUSED_FUNCTION = YES;
				GCC_WARN_UNUSED_VARIABLE = YES;
				IPHONEOS_DEPLOYMENT_TARGET = 7.1;
				SDKROOT = iphoneos;
				VALIDATE_PRODUCT = YES;
			};
			name = Release;
		};
		20EAD61319AA4BD3002B96DA /* Debug */ = {
			isa = XCBuildConfiguration;
			buildSettings = {
				ASSETCATALOG_COMPILER_APPICON_NAME = AppIcon;
				ASSETCATALOG_COMPILER_LAUNCHIMAGE_NAME = LaunchImage;
				DEVELOPMENT_TEAM = SR9HWZ3HDL;
				GCC_PRECOMPILE_PREFIX_HEADER = YES;
				GCC_PREFIX_HEADER = "Dimensions/Dimensions-Prefix.pch";
				INFOPLIST_FILE = "Dimensions/Dimensions-Info.plist";
				IPHONEOS_DEPLOYMENT_TARGET = 7.0;
				PRODUCT_BUNDLE_IDENTIFIER = FLab.example.Dimensions;
				PRODUCT_NAME = "$(TARGET_NAME)";
				WRAPPER_EXTENSION = app;
			};
			name = Debug;
		};
		20EAD61419AA4BD3002B96DA /* Release */ = {
			isa = XCBuildConfiguration;
			buildSettings = {
				ASSETCATALOG_COMPILER_APPICON_NAME = AppIcon;
				ASSETCATALOG_COMPILER_LAUNCHIMAGE_NAME = LaunchImage;
				DEVELOPMENT_TEAM = SR9HWZ3HDL;
				GCC_PRECOMPILE_PREFIX_HEADER = YES;
				GCC_PREFIX_HEADER = "Dimensions/Dimensions-Prefix.pch";
				INFOPLIST_FILE = "Dimensions/Dimensions-Info.plist";
				IPHONEOS_DEPLOYMENT_TARGET = 7.0;
				PRODUCT_BUNDLE_IDENTIFIER = FLab.example.Dimensions;
				PRODUCT_NAME = "$(TARGET_NAME)";
				WRAPPER_EXTENSION = app;
			};
			name = Release;
		};
/* End XCBuildConfiguration section */

/* Begin XCConfigurationList section */
		201CF8B319AB0511001959F7 /* Build configuration list for PBXNativeTarget "Demo" */ = {
			isa = XCConfigurationList;
			buildConfigurations = (
				201CF8AF19AB0511001959F7 /* Debug */,
				201CF8B019AB0511001959F7 /* Release */,
			);
			defaultConfigurationIsVisible = 0;
			defaultConfigurationName = Release;
		};
		2044AF741AA5B723005DA969 /* Build configuration list for PBXNativeTarget "HelloCone" */ = {
			isa = XCConfigurationList;
			buildConfigurations = (
				2044AF751AA5B723005DA969 /* Debug */,
				2044AF761AA5B723005DA969 /* Release */,
			);
			defaultConfigurationIsVisible = 0;
			defaultConfigurationName = Release;
		};
		205F55541AA0226000D1E8E4 /* Build configuration list for PBXNativeTarget "HelloArrow" */ = {
			isa = XCConfigurationList;
			buildConfigurations = (
				205F55501AA0226000D1E8E4 /* Debug */,
				205F55511AA0226000D1E8E4 /* Release */,
			);
			defaultConfigurationIsVisible = 0;
			defaultConfigurationName = Release;
		};
		20B6365E1BD21A2E004ADDA1 /* Build configuration list for PBXNativeTarget "DimensionsForMac" */ = {
			isa = XCConfigurationList;
			buildConfigurations = (
				20B6365C1BD21A2E004ADDA1 /* Debug */,
				20B6365D1BD21A2E004ADDA1 /* Release */,
			);
			defaultConfigurationIsVisible = 0;
			defaultConfigurationName = Release;
		};
		20EAD5DB19AA4BD3002B96DA /* Build configuration list for PBXProject "Dimensions" */ = {
			isa = XCConfigurationList;
			buildConfigurations = (
				20EAD61019AA4BD3002B96DA /* Debug */,
				20EAD61119AA4BD3002B96DA /* Release */,
			);
			defaultConfigurationIsVisible = 0;
			defaultConfigurationName = Release;
		};
		20EAD61219AA4BD3002B96DA /* Build configuration list for PBXNativeTarget "Dimensions" */ = {
			isa = XCConfigurationList;
			buildConfigurations = (
				20EAD61319AA4BD3002B96DA /* Debug */,
				20EAD61419AA4BD3002B96DA /* Release */,
			);
			defaultConfigurationIsVisible = 0;
			defaultConfigurationName = Release;
		};
/* End XCConfigurationList section */
	};
	rootObject = 20EAD5D819AA4BD3002B96DA /* Project object */;
}
